PODS:
  - Flutter (1.0.0)
  - flutter_umeng_ushare (0.0.1):
    - Flutter
    - UMCCommonLog
    - UMCommon
    - UMDevice
    - UMShare/UI
  - UMCCommonLog (2.0.2)
  - UMCommon (7.3.5):
    - UMDevice
  - UMDevice (2.0.5)
  - UMShare/Core (6.10.4):
    - UMCommon
  - UMShare/UI (6.10.4):
    - UMCommon
    - UMShare/Core

DEPENDENCIES:
  - Flutter (from `Flutter`)
  - flutter_umeng_ushare (from `.symlinks/plugins/flutter_umeng_ushare/ios`)

SPEC REPOS:
  trunk:
    - UMCCommonLog
    - UMCommon
    - UMDevice
    - UMShare

EXTERNAL SOURCES:
  Flutter:
    :path: Flutter
  flutter_umeng_ushare:
    :path: ".symlinks/plugins/flutter_umeng_ushare/ios"

SPEC CHECKSUMS:
  Flutter: 50d75fe2f02b26cc09d224853bb45737f8b3214a
  flutter_umeng_ushare: 3f92afd01d678b3b44d4bbc9c00dfd56b6cd5203
  UMCCommonLog: bea707e50c85cef4b0eb47cc5c7226bb843245ca
  UMCommon: ab4d875ddefe1b06c60b577e4a58bc4d433ee067
  UMDevice: c13bbb2e8ca6c67d1e23e03162553e3ec5a8b5b0
  UMShare: 84edf6d080f524d109271164ba2b07650f69d691

PODFILE CHECKSUM: 8e679eca47255a8ca8067c4c67aab20e64cb974d

COCOAPODS: 1.10.1
